<?xml version="1.0" encoding="utf-8"?>
<Project ToolsVersion="4.0" xmlns="http://schemas.microsoft.com/developer/msbuild/2003">
  <ItemGroup>
    <Filter Include="소스 파일">
      <UniqueIdentifier>{4FC737F1-C7A5-4376-A066-2A32D752A2FF}</UniqueIdentifier>
      <Extensions>cpp;c;cc;cxx;def;odl;idl;hpj;bat;asm;asmx</Extensions>
    </Filter>
    <Filter Include="헤더 파일">
      <UniqueIdentifier>{93995380-89BD-4b04-88EB-625FBE52EBFB}</UniqueIdentifier>
      <Extensions>h;hpp;hxx;hm;inl;inc;xsd</Extensions>
    </Filter>
    <Filter Include="리소스 파일">
      <UniqueIdentifier>{67DA6AB6-F800-4c08-8B7A-83BB121AAD01}</UniqueIdentifier>
      <Extensions>rc;ico;cur;bmp;dlg;rc2;rct;bin;rgs;gif;jpg;jpeg;jpe;resx;tiff;tif;png;wav;mfcribbon-ms</Extensions>
    </Filter>
  </ItemGroup>
  <ItemGroup>
    <None Include="ReadMe.txt" />
    <None Include="res\MicroScoper.rc2">
      <Filter>리소스 파일</Filter>
    </None>
    <None Include="res\MicroScoperDoc.ico">
      <Filter>리소스 파일</Filter>
    </None>
    <None Include="res\MicroScoper.ico">
      <Filter>리소스 파일</Filter>
    </None>
  </ItemGroup>
  <ItemGroup>
    <ClInclude Include="MicroScoper.h">
      <Filter>헤더 파일</Filter>
    </ClInclude>
    <ClInclude Include="stdafx.h">
      <Filter>헤더 파일</Filter>
    </ClInclude>
    <ClInclude Include="targetver.h">
      <Filter>헤더 파일</Filter>
    </ClInclude>
    <ClInclude Include="MainFrm.h">
      <Filter>헤더 파일</Filter>
    </ClInclude>
    <ClInclude Include="MicroScoperDoc.h">
      <Filter>헤더 파일</Filter>
    </ClInclude>
    <ClInclude Include="MicroScoperView.h">
      <Filter>헤더 파일</Filter>
    </ClInclude>
    <ClInclude Include="Resource.h">
      <Filter>헤더 파일</Filter>
    </ClInclude>
    <ClInclude Include="DlgModuleList.h">
      <Filter>헤더 파일</Filter>
    </ClInclude>
    <ClInclude Include="DlgModuleControl.h">
      <Filter>헤더 파일</Filter>
    </ClInclude>
    <ClInclude Include="DlgTabControl.h">
      <Filter>헤더 파일</Filter>
    </ClInclude>
    <ClInclude Include="DialogInterface.h">
      <Filter>헤더 파일</Filter>
    </ClInclude>
    <ClInclude Include="MainInterface.h">
      <Filter>헤더 파일</Filter>
    </ClInclude>
    <ClInclude Include="ObserverInterface.h">
      <Filter>헤더 파일</Filter>
    </ClInclude>
    <ClInclude Include="MainData.h">
      <Filter>헤더 파일</Filter>
    </ClInclude>
    <ClInclude Include="ModuleStatus.h">
      <Filter>헤더 파일</Filter>
    </ClInclude>
    <ClInclude Include="DlgCameraReview.h">
      <Filter>헤더 파일</Filter>
    </ClInclude>
    <ClInclude Include="DlgCameraAlign.h">
      <Filter>헤더 파일</Filter>
    </ClInclude>
    <ClInclude Include="DlgHistoryList.h">
      <Filter>헤더 파일</Filter>
    </ClInclude>
    <ClInclude Include="DlgLogMessage.h">
      <Filter>헤더 파일</Filter>
    </ClInclude>
  </ItemGroup>
  <ItemGroup>
    <ClCompile Include="MicroScoper.cpp">
      <Filter>소스 파일</Filter>
    </ClCompile>
    <ClCompile Include="stdafx.cpp">
      <Filter>소스 파일</Filter>
    </ClCompile>
    <ClCompile Include="MainFrm.cpp">
      <Filter>소스 파일</Filter>
    </ClCompile>
    <ClCompile Include="MicroScoperDoc.cpp">
      <Filter>소스 파일</Filter>
    </ClCompile>
    <ClCompile Include="MicroScoperView.cpp">
      <Filter>소스 파일</Filter>
    </ClCompile>
    <ClCompile Include="DlgModuleList.cpp">
      <Filter>소스 파일</Filter>
    </ClCompile>
    <ClCompile Include="DlgModuleControl.cpp">
      <Filter>소스 파일</Filter>
    </ClCompile>
    <ClCompile Include="DlgTabControl.cpp">
      <Filter>소스 파일</Filter>
    </ClCompile>
    <ClCompile Include="MainInterface.cpp">
      <Filter>소스 파일</Filter>
    </ClCompile>
    <ClCompile Include="ObserverInterface.cpp">
      <Filter>소스 파일</Filter>
    </ClCompile>
    <ClCompile Include="MainData.cpp">
      <Filter>소스 파일</Filter>
    </ClCompile>
    <ClCompile Include="ModuleStatus.cpp">
      <Filter>소스 파일</Filter>
    </ClCompile>
    <ClCompile Include="DlgCameraReview.cpp">
      <Filter>소스 파일</Filter>
    </ClCompile>
    <ClCompile Include="DlgCameraAlign.cpp">
      <Filter>소스 파일</Filter>
    </ClCompile>
    <ClCompile Include="DlgHistoryList.cpp">
      <Filter>소스 파일</Filter>
    </ClCompile>
    <ClCompile Include="DlgLogMessage.cpp">
      <Filter>소스 파일</Filter>
    </ClCompile>
  </ItemGroup>
  <ItemGroup>
    <ResourceCompile Include="MicroScoper.rc">
      <Filter>리소스 파일</Filter>
    </ResourceCompile>
  </ItemGroup>
</Project>