<?xml version="1.0" encoding="utf-8"?>
<Project ToolsVersion="4.0" xmlns="http://schemas.microsoft.com/developer/msbuild/2003">
  <ItemGroup>
    <Filter Include="소스 파일">
      <UniqueIdentifier>{4FC737F1-C7A5-4376-A066-2A32D752A2FF}</UniqueIdentifier>
      <Extensions>cpp;c;cc;cxx;def;odl;idl;hpj;bat;asm;asmx</Extensions>
    </Filter>
    <Filter Include="헤더 파일">
      <UniqueIdentifier>{93995380-89BD-4b04-88EB-625FBE52EBFB}</UniqueIdentifier>
      <Extensions>h;hpp;hxx;hm;inl;inc;xsd</Extensions>
    </Filter>
    <Filter Include="리소스 파일">
      <UniqueIdentifier>{67DA6AB6-F800-4c08-8B7A-83BB121AAD01}</UniqueIdentifier>
      <Extensions>rc;ico;cur;bmp;dlg;rc2;rct;bin;rgs;gif;jpg;jpeg;jpe;resx;tiff;tif;png;wav</Extensions>
    </Filter>
  </ItemGroup>
  <ItemGroup>
    <ClCompile Include="AFMControl.cpp">
      <Filter>소스 파일</Filter>
    </ClCompile>
    <ClCompile Include="AFMControl_DIT.cpp">
      <Filter>소스 파일</Filter>
    </ClCompile>
    <ClCompile Include="AFMControl_Wegu.cpp">
      <Filter>소스 파일</Filter>
    </ClCompile>
    <ClCompile Include="CHExternalControls.cpp">
      <Filter>소스 파일</Filter>
    </ClCompile>
    <ClCompile Include="dllmain.cpp">
      <Filter>소스 파일</Filter>
    </ClCompile>
    <ClCompile Include="LinearTurretControl.cpp">
      <Filter>소스 파일</Filter>
    </ClCompile>
    <ClCompile Include="MotorControl.cpp">
      <Filter>소스 파일</Filter>
    </ClCompile>
    <ClCompile Include="NikonControl.cpp">
      <Filter>소스 파일</Filter>
    </ClCompile>
    <ClCompile Include="PLCControl.cpp">
      <Filter>소스 파일</Filter>
    </ClCompile>
    <ClCompile Include="PLCControlMXComponent.cpp">
      <Filter>소스 파일</Filter>
    </ClCompile>
    <ClCompile Include="PlusTek_PLK2CHR.cpp">
      <Filter>소스 파일</Filter>
    </ClCompile>
    <ClCompile Include="PSD1010Control.cpp">
      <Filter>소스 파일</Filter>
    </ClCompile>
    <ClCompile Include="Serial.cpp">
      <Filter>소스 파일</Filter>
    </ClCompile>
    <ClCompile Include="SerialCds.cpp">
      <Filter>소스 파일</Filter>
    </ClCompile>
    <ClCompile Include="SerialEx.cpp">
      <Filter>소스 파일</Filter>
    </ClCompile>
    <ClCompile Include="SerialWnd.cpp">
      <Filter>소스 파일</Filter>
    </ClCompile>
    <ClCompile Include="ShinHan_FLS2CHR.cpp">
      <Filter>소스 파일</Filter>
    </ClCompile>
    <ClCompile Include="SP200Control.cpp">
      <Filter>소스 파일</Filter>
    </ClCompile>
    <ClCompile Include="stdafx.cpp">
      <Filter>소스 파일</Filter>
    </ClCompile>
    <ClCompile Include="DualTubeLens.cpp">
      <Filter>소스 파일</Filter>
    </ClCompile>
    <ClCompile Include="KSVision_PDSeries.cpp">
      <Filter>소스 파일</Filter>
    </ClCompile>
    <ClCompile Include="PlusTek_STB64C.cpp">
      <Filter>소스 파일</Filter>
    </ClCompile>
    <ClCompile Include="LightTransmitPlustech.cpp">
      <Filter>소스 파일</Filter>
    </ClCompile>
    <ClCompile Include="MotorControleXcom.cpp">
      <Filter>소스 파일</Filter>
    </ClCompile>
    <ClCompile Include="eXcomDevice.cpp">
      <Filter>소스 파일</Filter>
    </ClCompile>
    <ClCompile Include="MotorControlPowerPmac.cpp">
      <Filter>소스 파일</Filter>
    </ClCompile>
    <ClCompile Include="PPmacDprRuntime.cpp">
      <Filter>소스 파일</Filter>
    </ClCompile>
    <ClCompile Include="MotorControlPowerPmacCmd.cpp">
      <Filter>소스 파일</Filter>
    </ClCompile>
  </ItemGroup>
  <ItemGroup>
    <None Include="CHExternalControls.def">
      <Filter>소스 파일</Filter>
    </None>
    <None Include="res\CHExternalControls.rc2">
      <Filter>리소스 파일</Filter>
    </None>
    <None Include="ReadMe.txt" />
  </ItemGroup>
  <ItemGroup>
    <ClInclude Include="AFMControl.h">
      <Filter>헤더 파일</Filter>
    </ClInclude>
    <ClInclude Include="AFMControl_DIT.h">
      <Filter>헤더 파일</Filter>
    </ClInclude>
    <ClInclude Include="AFMControl_Wegu.h">
      <Filter>헤더 파일</Filter>
    </ClInclude>
    <ClInclude Include="LightControl.h">
      <Filter>헤더 파일</Filter>
    </ClInclude>
    <ClInclude Include="LinearTurretControl.h">
      <Filter>헤더 파일</Filter>
    </ClInclude>
    <ClInclude Include="MotorControl.h">
      <Filter>헤더 파일</Filter>
    </ClInclude>
    <ClInclude Include="NikonControl.h">
      <Filter>헤더 파일</Filter>
    </ClInclude>
    <ClInclude Include="PLCControl.h">
      <Filter>헤더 파일</Filter>
    </ClInclude>
    <ClInclude Include="PLCControlMXComponent.h">
      <Filter>헤더 파일</Filter>
    </ClInclude>
    <ClInclude Include="PLCExternalIO_Def.h">
      <Filter>헤더 파일</Filter>
    </ClInclude>
    <ClInclude Include="PlusTek_PLK2CHR.h">
      <Filter>헤더 파일</Filter>
    </ClInclude>
    <ClInclude Include="PSD1010Control.h">
      <Filter>헤더 파일</Filter>
    </ClInclude>
    <ClInclude Include="Resource.h">
      <Filter>헤더 파일</Filter>
    </ClInclude>
    <ClInclude Include="RevolverControl.h">
      <Filter>헤더 파일</Filter>
    </ClInclude>
    <ClInclude Include="Serial.h">
      <Filter>헤더 파일</Filter>
    </ClInclude>
    <ClInclude Include="SerialCDS.h">
      <Filter>헤더 파일</Filter>
    </ClInclude>
    <ClInclude Include="SerialEx.h">
      <Filter>헤더 파일</Filter>
    </ClInclude>
    <ClInclude Include="SerialMFC.h">
      <Filter>헤더 파일</Filter>
    </ClInclude>
    <ClInclude Include="SerialWnd.h">
      <Filter>헤더 파일</Filter>
    </ClInclude>
    <ClInclude Include="ShinHan_FLS2CHR.h">
      <Filter>헤더 파일</Filter>
    </ClInclude>
    <ClInclude Include="SP200Control.h">
      <Filter>헤더 파일</Filter>
    </ClInclude>
    <ClInclude Include="stdafx.h">
      <Filter>헤더 파일</Filter>
    </ClInclude>
    <ClInclude Include="targetver.h">
      <Filter>헤더 파일</Filter>
    </ClInclude>
    <ClInclude Include="DualTubeLens.h">
      <Filter>헤더 파일</Filter>
    </ClInclude>
    <ClInclude Include="KSVision_PDSeries.h">
      <Filter>헤더 파일</Filter>
    </ClInclude>
    <ClInclude Include="PlusTek_STB64C.h">
      <Filter>헤더 파일</Filter>
    </ClInclude>
    <ClInclude Include="LightTransmitPlustech.h">
      <Filter>헤더 파일</Filter>
    </ClInclude>
    <ClInclude Include="LightTransmitPlustech_DataType.h">
      <Filter>헤더 파일</Filter>
    </ClInclude>
    <ClInclude Include="LightTransmitPlustech_Protocol.h">
      <Filter>헤더 파일</Filter>
    </ClInclude>
    <ClInclude Include="MotorControleXcom.h">
      <Filter>헤더 파일</Filter>
    </ClInclude>
    <ClInclude Include="eXcomDevice.h">
      <Filter>헤더 파일</Filter>
    </ClInclude>
    <ClInclude Include="MotorControlPowerPmac.h">
      <Filter>헤더 파일</Filter>
    </ClInclude>
    <ClInclude Include="PPmacDprLibDef.h">
      <Filter>헤더 파일</Filter>
    </ClInclude>
    <ClInclude Include="PPmacDprRuntime.h">
      <Filter>헤더 파일</Filter>
    </ClInclude>
    <ClInclude Include="MotorControlPowerPmacCmd.h">
      <Filter>헤더 파일</Filter>
    </ClInclude>
  </ItemGroup>
  <ItemGroup>
    <ResourceCompile Include="CHExternalControls.rc">
      <Filter>리소스 파일</Filter>
    </ResourceCompile>
  </ItemGroup>
</Project>